// !$*UTF8*$!
{
	archiveVersion = 1;
	classes = {
	};
	objectVersion = 55;
	objects = {

/* Begin PBXBuildFile section */
		E0FCFD92278753AD00628AEB /* AppDelegate.swift in Sources */ = {isa = PBXBuildFile; fileRef = E0FCFD91278753AD00628AEB /* AppDelegate.swift */; };
		E0FCFD94278753AD00628AEB /* SceneDelegate.swift in Sources */ = {isa = PBXBuildFile; fileRef = E0FCFD93278753AD00628AEB /* SceneDelegate.swift */; };
		E0FCFD96278753AD00628AEB /* ViewController.swift in Sources */ = {isa = PBXBuildFile; fileRef = E0FCFD95278753AD00628AEB /* ViewController.swift */; };
		E0FCFD99278753AD00628AEB /* Main.storyboard in Resources */ = {isa = PBXBuildFile; fileRef = E0FCFD97278753AD00628AEB /* Main.storyboard */; };
		E0FCFD9B278753B000628AEB /* Assets.xcassets in Resources */ = {isa = PBXBuildFile; fileRef = E0FCFD9A278753B000628AEB /* Assets.xcassets */; };
		E0FCFD9E278753B000628AEB /* LaunchScreen.storyboard in Resources */ = {isa = PBXBuildFile; fileRef = E0FCFD9C278753B000628AEB /* LaunchScreen.storyboard */; };
		E0FCFDA9278753B100628AEB /* wsprTests.swift in Sources */ = {isa = PBXBuildFile; fileRef = E0FCFDA8278753B100628AEB /* wsprTests.swift */; };
		E0FCFDB3278753B100628AEB /* wsprUITests.swift in Sources */ = {isa = PBXBuildFile; fileRef = E0FCFDB2278753B100628AEB /* wsprUITests.swift */; };
		E0FCFDB5278753B100628AEB /* wsprUITestsLaunchTests.swift in Sources */ = {isa = PBXBuildFile; fileRef = E0FCFDB4278753B100628AEB /* wsprUITestsLaunchTests.swift */; };
/* End PBXBuildFile section */

/* Begin PBXContainerItemProxy section */
		E0FCFDA5278753B000628AEB /* PBXContainerItemProxy */ = {
			isa = PBXContainerItemProxy;
			containerPortal = E0FCFD86278753AD00628AEB /* Project object */;
			proxyType = 1;
			remoteGlobalIDString = E0FCFD8D278753AD00628AEB;
			remoteInfo = wspr;
		};
		E0FCFDAF278753B100628AEB /* PBXContainerItemProxy */ = {
			isa = PBXContainerItemProxy;
			containerPortal = E0FCFD86278753AD00628AEB /* Project object */;
			proxyType = 1;
			remoteGlobalIDString = E0FCFD8D278753AD00628AEB;
			remoteInfo = wspr;
		};
/* End PBXContainerItemProxy section */

/* Begin PBXFileReference section */
		E0FCFD8E278753AD00628AEB /* wspr.app */ = {isa = PBXFileReference; explicitFileType = wrapper.application; includeInIndex = 0; path = wspr.app; sourceTree = BUILT_PRODUCTS_DIR; };
		E0FCFD91278753AD00628AEB /* AppDelegate.swift */ = {isa = PBXFileReference; lastKnownFileType = sourcecode.swift; path = AppDelegate.swift; sourceTree = "<group>"; };
		E0FCFD93278753AD00628AEB /* SceneDelegate.swift */ = {isa = PBXFileReference; lastKnownFileType = sourcecode.swift; path = SceneDelegate.swift; sourceTree = "<group>"; };
		E0FCFD95278753AD00628AEB /* ViewController.swift */ = {isa = PBXFileReference; lastKnownFileType = sourcecode.swift; path = ViewController.swift; sourceTree = "<group>"; };
		E0FCFD98278753AD00628AEB /* Base */ = {isa = PBXFileReference; lastKnownFileType = file.storyboard; name = Base; path = Base.lproj/Main.storyboard; sourceTree = "<group>"; };
		E0FCFD9A278753B000628AEB /* Assets.xcassets */ = {isa = PBXFileReference; lastKnownFileType = folder.assetcatalog; path = Assets.xcassets; sourceTree = "<group>"; };
		E0FCFD9D278753B000628AEB /* Base */ = {isa = PBXFileReference; lastKnownFileType = file.storyboard; name = Base; path = Base.lproj/LaunchScreen.storyboard; sourceTree = "<group>"; };
		E0FCFD9F278753B000628AEB /* Info.plist */ = {isa = PBXFileReference; lastKnownFileType = text.plist.xml; path = Info.plist; sourceTree = "<group>"; };
		E0FCFDA4278753B000628AEB /* wsprTests.xctest */ = {isa = PBXFileReference; explicitFileType = wrapper.cfbundle; includeInIndex = 0; path = wsprTests.xctest; sourceTree = BUILT_PRODUCTS_DIR; };
		E0FCFDA8278753B100628AEB /* wsprTests.swift */ = {isa = PBXFileReference; lastKnownFileType = sourcecode.swift; path = wsprTests.swift; sourceTree = "<group>"; };
		E0FCFDAE278753B100628AEB /* wsprUITests.xctest */ = {isa = PBXFileReference; explicitFileType = wrapper.cfbundle; includeInIndex = 0; path = wsprUITests.xctest; sourceTree = BUILT_PRODUCTS_DIR; };
		E0FCFDB2278753B100628AEB /* wsprUITests.swift */ = {isa = PBXFileReference; lastKnownFileType = sourcecode.swift; path = wsprUITests.swift; sourceTree = "<group>"; };
		E0FCFDB4278753B100628AEB /* wsprUITestsLaunchTests.swift */ = {isa = PBXFileReference; lastKnownFileType = sourcecode.swift; path = wsprUITestsLaunchTests.swift; sourceTree = "<group>"; };
/* End PBXFileReference section */

/* Begin PBXFrameworksBuildPhase section */
		E0FCFD8B278753AD00628AEB /* Frameworks */ = {
			isa = PBXFrameworksBuildPhase;
			buildActionMask = 2147483647;
			files = (
			);
			runOnlyForDeploymentPostprocessing = 0;
		};
		E0FCFDA1278753B000628AEB /* Frameworks */ = {
			isa = PBXFrameworksBuildPhase;
			buildActionMask = 2147483647;
			files = (
			);
			runOnlyForDeploymentPostprocessing = 0;
		};
		E0FCFDAB278753B100628AEB /* Frameworks */ = {
			isa = PBXFrameworksBuildPhase;
			buildActionMask = 2147483647;
			files = (
			);
			runOnlyForDeploymentPostprocessing = 0;
		};
/* End PBXFrameworksBuildPhase section */

/* Begin PBXGroup section */
		E0FCFD85278753AD00628AEB = {
			isa = PBXGroup;
			children = (
				E0FCFD90278753AD00628AEB /* wspr */,
				E0FCFDA7278753B000628AEB /* wsprTests */,
				E0FCFDB1278753B100628AEB /* wsprUITests */,
				E0FCFD8F278753AD00628AEB /* Products */,
			);
			sourceTree = "<group>";
		};
		E0FCFD8F278753AD00628AEB /* Products */ = {
			isa = PBXGroup;
			children = (
				E0FCFD8E278753AD00628AEB /* wspr.app */,
				E0FCFDA4278753B000628AEB /* wsprTests.xctest */,
				E0FCFDAE278753B100628AEB /* wsprUITests.xctest */,
			);
			name = Products;
			sourceTree = "<group>";
		};
		E0FCFD90278753AD00628AEB /* wspr */ = {
			isa = PBXGroup;
			children = (
				E0FCFD91278753AD00628AEB /* AppDelegate.swift */,
				E0FCFD93278753AD00628AEB /* SceneDelegate.swift */,
				E0FCFD95278753AD00628AEB /* ViewController.swift */,
				E0FCFD97278753AD00628AEB /* Main.storyboard */,
				E0FCFD9A278753B000628AEB /* Assets.xcassets */,
				E0FCFD9C278753B000628AEB /* LaunchScreen.storyboard */,
				E0FCFD9F278753B000628AEB /* Info.plist */,
			);
			path = wspr;
			sourceTree = "<group>";
		};
		E0FCFDA7278753B000628AEB /* wsprTests */ = {
			isa = PBXGroup;
			children = (
				E0FCFDA8278753B100628AEB /* wsprTests.swift */,
			);
			path = wsprTests;
			sourceTree = "<group>";
		};
		E0FCFDB1278753B100628AEB /* wsprUITests */ = {
			isa = PBXGroup;
			children = (
				E0FCFDB2278753B100628AEB /* wsprUITests.swift */,
				E0FCFDB4278753B100628AEB /* wsprUITestsLaunchTests.swift */,
			);
			path = wsprUITests;
			sourceTree = "<group>";
		};
/* End PBXGroup section */

/* Begin PBXNativeTarget section */
		E0FCFD8D278753AD00628AEB /* wspr */ = {
			isa = PBXNativeTarget;
			buildConfigurationList = E0FCFDB8278753B100628AEB /* Build configuration list for PBXNativeTarget "wspr" */;
			buildPhases = (
				E0FCFD8A278753AD00628AEB /* Sources */,
				E0FCFD8B278753AD00628AEB /* Frameworks */,
				E0FCFD8C278753AD00628AEB /* Resources */,
			);
			buildRules = (
			);
			dependencies = (
			);
			name = wspr;
			productName = wspr;
			productReference = E0FCFD8E278753AD00628AEB /* wspr.app */;
			productType = "com.apple.product-type.application";
		};
		E0FCFDA3278753B000628AEB /* wsprTests */ = {
			isa = PBXNativeTarget;
			buildConfigurationList = E0FCFDBB278753B100628AEB /* Build configuration list for PBXNativeTarget "wsprTests" */;
			buildPhases = (
				E0FCFDA0278753B000628AEB /* Sources */,
				E0FCFDA1278753B000628AEB /* Frameworks */,
				E0FCFDA2278753B000628AEB /* Resources */,
			);
			buildRules = (
			);
			dependencies = (
				E0FCFDA6278753B000628AEB /* PBXTargetDependency */,
			);
			name = wsprTests;
			productName = wsprTests;
			productReference = E0FCFDA4278753B000628AEB /* wsprTests.xctest */;
			productType = "com.apple.product-type.bundle.unit-test";
		};
		E0FCFDAD278753B100628AEB /* wsprUITests */ = {
			isa = PBXNativeTarget;
			buildConfigurationList = E0FCFDBE278753B100628AEB /* Build configuration list for PBXNativeTarget "wsprUITests" */;
			buildPhases = (
				E0FCFDAA278753B100628AEB /* Sources */,
				E0FCFDAB278753B100628AEB /* Frameworks */,
				E0FCFDAC278753B100628AEB /* Resources */,
			);
			buildRules = (
			);
			dependencies = (
				E0FCFDB0278753B100628AEB /* PBXTargetDependency */,
			);
			name = wsprUITests;
			productName = wsprUITests;
			productReference = E0FCFDAE278753B100628AEB /* wsprUITests.xctest */;
			productType = "com.apple.product-type.bundle.ui-testing";
		};
/* End PBXNativeTarget section */

/* Begin PBXProject section */
		E0FCFD86278753AD00628AEB /* Project object */ = {
			isa = PBXProject;
			attributes = {
				BuildIndependentTargetsInParallel = 1;
				LastSwiftUpdateCheck = 1320;
				LastUpgradeCheck = 1320;
				TargetAttributes = {
					E0FCFD8D278753AD00628AEB = {
						CreatedOnToolsVersion = 13.2.1;
					};
					E0FCFDA3278753B000628AEB = {
						CreatedOnToolsVersion = 13.2.1;
						TestTargetID = E0FCFD8D278753AD00628AEB;
					};
					E0FCFDAD278753B100628AEB = {
						CreatedOnToolsVersion = 13.2.1;
						TestTargetID = E0FCFD8D278753AD00628AEB;
					};
				};
			};
			buildConfigurationList = E0FCFD89278753AD00628AEB /* Build configuration list for PBXProject "wspr" */;
			compatibilityVersion = "Xcode 13.0";
			developmentRegion = en;
			hasScannedForEncodings = 0;
			knownRegions = (
				en,
				Base,
			);
			mainGroup = E0FCFD85278753AD00628AEB;
			productRefGroup = E0FCFD8F278753AD00628AEB /* Products */;
			projectDirPath = "";
			projectRoot = "";
			targets = (
				E0FCFD8D278753AD00628AEB /* wspr */,
				E0FCFDA3278753B000628AEB /* wsprTests */,
				E0FCFDAD278753B100628AEB /* wsprUITests */,
			);
		};
/* End PBXProject section */

/* Begin PBXResourcesBuildPhase section */
		E0FCFD8C278753AD00628AEB /* Resources */ = {
			isa = PBXResourcesBuildPhase;
			buildActionMask = 2147483647;
			files = (
				E0FCFD9E278753B000628AEB /* LaunchScreen.storyboard in Resources */,
				E0FCFD9B278753B000628AEB /* Assets.xcassets in Resources */,
				E0FCFD99278753AD00628AEB /* Main.storyboard in Resources */,
			);
			runOnlyForDeploymentPostprocessing = 0;
		};
		E0FCFDA2278753B000628AEB /* Resources */ = {
			isa = PBXResourcesBuildPhase;
			buildActionMask = 2147483647;
			files = (
			);
			runOnlyForDeploymentPostprocessing = 0;
		};
		E0FCFDAC278753B100628AEB /* Resources */ = {
			isa = PBXResourcesBuildPhase;
			buildActionMask = 2147483647;
			files = (
			);
			runOnlyForDeploymentPostprocessing = 0;
		};
/* End PBXResourcesBuildPhase section */

/* Begin PBXSourcesBuildPhase section */
		E0FCFD8A278753AD00628AEB /* Sources */ = {
			isa = PBXSourcesBuildPhase;
			buildActionMask = 2147483647;
			files = (
				E0FCFD96278753AD00628AEB /* ViewController.swift in Sources */,
				E0FCFD92278753AD00628AEB /* AppDelegate.swift in Sources */,
				E0FCFD94278753AD00628AEB /* SceneDelegate.swift in Sources */,
			);
			runOnlyForDeploymentPostprocessing = 0;
		};
		E0FCFDA0278753B000628AEB /* Sources */ = {
			isa = PBXSourcesBuildPhase;
			buildActionMask = 2147483647;
			files = (
				E0FCFDA9278753B100628AEB /* wsprTests.swift in Sources */,
			);
			runOnlyForDeploymentPostprocessing = 0;
		};
		E0FCFDAA278753B100628AEB /* Sources */ = {
			isa = PBXSourcesBuildPhase;
			buildActionMask = 2147483647;
			files = (
				E0FCFDB5278753B100628AEB /* wsprUITestsLaunchTests.swift in Sources */,
				E0FCFDB3278753B100628AEB /* wsprUITests.swift in Sources */,
			);
			runOnlyForDeploymentPostprocessing = 0;
		};
/* End PBXSourcesBuildPhase section */

/* Begin PBXTargetDependency section */
		E0FCFDA6278753B000628AEB /* PBXTargetDependency */ = {
			isa = PBXTargetDependency;
			target = E0FCFD8D278753AD00628AEB /* wspr */;
			targetProxy = E0FCFDA5278753B000628AEB /* PBXContainerItemProxy */;
		};
		E0FCFDB0278753B100628AEB /* PBXTargetDependency */ = {
			isa = PBXTargetDependency;
			target = E0FCFD8D278753AD00628AEB /* wspr */;
			targetProxy = E0FCFDAF278753B100628AEB /* PBXContainerItemProxy */;
		};
/* End PBXTargetDependency section */

/* Begin PBXVariantGroup section */
		E0FCFD97278753AD00628AEB /* Main.storyboard */ = {
			isa = PBXVariantGroup;
			children = (
				E0FCFD98278753AD00628AEB /* Base */,
			);
			name = Main.storyboard;
			sourceTree = "<group>";
		};
		E0FCFD9C278753B000628AEB /* LaunchScreen.storyboard */ = {
			isa = PBXVariantGroup;
			children = (
				E0FCFD9D278753B000628AEB /* Base */,
			);
			name = LaunchScreen.storyboard;
			sourceTree = "<group>";
		};
/* End PBXVariantGroup section */

/* Begin XCBuildConfiguration section */
		E0FCFDB6278753B100628AEB /* Debug */ = {
			isa = XCBuildConfiguration;
			buildSettings = {
				ALWAYS_SEARCH_USER_PATHS = NO;
				CLANG_ANALYZER_NONNULL = YES;
				CLANG_ANALYZER_NUMBER_OBJECT_CONVERSION = YES_AGGRESSIVE;
				CLANG_CXX_LANGUAGE_STANDARD = "gnu++17";
				CLANG_CXX_LIBRARY = "libc++";
				CLANG_ENABLE_MODULES = YES;
				CLANG_ENABLE_OBJC_ARC = YES;
				CLANG_ENABLE_OBJC_WEAK = YES;
				CLANG_WARN_BLOCK_CAPTURE_AUTORELEASING = YES;
				CLANG_WARN_BOOL_CONVERSION = YES;
				CLANG_WARN_COMMA = YES;
				CLANG_WARN_CONSTANT_CONVERSION = YES;
				CLANG_WARN_DEPRECATED_OBJC_IMPLEMENTATIONS = YES;
				CLANG_WARN_DIRECT_OBJC_ISA_USAGE = YES_ERROR;
				CLANG_WARN_DOCUMENTATION_COMMENTS = YES;
				CLANG_WARN_EMPTY_BODY = YES;
				CLANG_WARN_ENUM_CONVERSION = YES;
				CLANG_WARN_INFINITE_RECURSION = YES;
				CLANG_WARN_INT_CONVERSION = YES;
				CLANG_WARN_NON_LITERAL_NULL_CONVERSION = YES;
				CLANG_WARN_OBJC_IMPLICIT_RETAIN_SELF = YES;
				CLANG_WARN_OBJC_LITERAL_CONVERSION = YES;
				CLANG_WARN_OBJC_ROOT_CLASS = YES_ERROR;
				CLANG_WARN_QUOTED_INCLUDE_IN_FRAMEWORK_HEADER = YES;
				CLANG_WARN_RANGE_LOOP_ANALYSIS = YES;
				CLANG_WARN_STRICT_PROTOTYPES = YES;
				CLANG_WARN_SUSPICIOUS_MOVE = YES;
				CLANG_WARN_UNGUARDED_AVAILABILITY = YES_AGGRESSIVE;
				CLANG_WARN_UNREACHABLE_CODE = YES;
				CLANG_WARN__DUPLICATE_METHOD_MATCH = YES;
				COPY_PHASE_STRIP = NO;
				DEBUG_INFORMATION_FORMAT = dwarf;
				ENABLE_STRICT_OBJC_MSGSEND = YES;
				ENABLE_TESTABILITY = YES;
				GCC_C_LANGUAGE_STANDARD = gnu11;
				GCC_DYNAMIC_NO_PIC = NO;
				GCC_NO_COMMON_BLOCKS = YES;
				GCC_OPTIMIZATION_LEVEL = 0;
				GCC_PREPROCESSOR_DEFINITIONS = (
					"DEBUG=1",
					"$(inherited)",
				);
				GCC_WARN_64_TO_32_BIT_CONVERSION = YES;
				GCC_WARN_ABOUT_RETURN_TYPE = YES_ERROR;
				GCC_WARN_UNDECLARED_SELECTOR = YES;
				GCC_WARN_UNINITIALIZED_AUTOS = YES_AGGRESSIVE;
				GCC_WARN_UNUSED_FUNCTION = YES;
				GCC_WARN_UNUSED_VARIABLE = YES;
				IPHONEOS_DEPLOYMENT_TARGET = 15.2;
				MTL_ENABLE_DEBUG_INFO = INCLUDE_SOURCE;
				MTL_FAST_MATH = YES;
				ONLY_ACTIVE_ARCH = YES;
				SDKROOT = iphoneos;
				SWIFT_ACTIVE_COMPILATION_CONDITIONS = DEBUG;
				SWIFT_OPTIMIZATION_LEVEL = "-Onone";
			};
			name = Debug;
		};
		E0FCFDB7278753B100628AEB /* Release */ = {
			isa = XCBuildConfiguration;
			buildSettings = {
				ALWAYS_SEARCH_USER_PATHS = NO;
				CLANG_ANALYZER_NONNULL = YES;
				CLANG_ANALYZER_NUMBER_OBJECT_CONVERSION = YES_AGGRESSIVE;
				CLANG_CXX_LANGUAGE_STANDARD = "gnu++17";
				CLANG_CXX_LIBRARY = "libc++";
				CLANG_ENABLE_MODULES = YES;
				CLANG_ENABLE_OBJC_ARC = YES;
				CLANG_ENABLE_OBJC_WEAK = YES;
				CLANG_WARN_BLOCK_CAPTURE_AUTORELEASING = YES;
				CLANG_WARN_BOOL_CONVERSION = YES;
				CLANG_WARN_COMMA = YES;
				CLANG_WARN_CONSTANT_CONVERSION = YES;
				CLANG_WARN_DEPRECATED_OBJC_IMPLEMENTATIONS = YES;
				CLANG_WARN_DIRECT_OBJC_ISA_USAGE = YES_ERROR;
				CLANG_WARN_DOCUMENTATION_COMMENTS = YES;
				CLANG_WARN_EMPTY_BODY = YES;
				CLANG_WARN_ENUM_CONVERSION = YES;
				CLANG_WARN_INFINITE_RECURSION = YES;
				CLANG_WARN_INT_CONVERSION = YES;
				CLANG_WARN_NON_LITERAL_NULL_CONVERSION = YES;
				CLANG_WARN_OBJC_IMPLICIT_RETAIN_SELF = YES;
				CLANG_WARN_OBJC_LITERAL_CONVERSION = YES;
				CLANG_WARN_OBJC_ROOT_CLASS = YES_ERROR;
				CLANG_WARN_QUOTED_INCLUDE_IN_FRAMEWORK_HEADER = YES;
				CLANG_WARN_RANGE_LOOP_ANALYSIS = YES;
				CLANG_WARN_STRICT_PROTOTYPES = YES;
				CLANG_WARN_SUSPICIOUS_MOVE = YES;
				CLANG_WARN_UNGUARDED_AVAILABILITY = YES_AGGRESSIVE;
				CLANG_WARN_UNREACHABLE_CODE = YES;
				CLANG_WARN__DUPLICATE_METHOD_MATCH = YES;
				COPY_PHASE_STRIP = NO;
				DEBUG_INFORMATION_FORMAT = "dwarf-with-dsym";
				ENABLE_NS_ASSERTIONS = NO;
				ENABLE_STRICT_OBJC_MSGSEND = YES;
				GCC_C_LANGUAGE_STANDARD = gnu11;
				GCC_NO_COMMON_BLOCKS = YES;
				GCC_WARN_64_TO_32_BIT_CONVERSION = YES;
				GCC_WARN_ABOUT_RETURN_TYPE = YES_ERROR;
				GCC_WARN_UNDECLARED_SELECTOR = YES;
				GCC_WARN_UNINITIALIZED_AUTOS = YES_AGGRESSIVE;
				GCC_WARN_UNUSED_FUNCTION = YES;
				GCC_WARN_UNUSED_VARIABLE = YES;
				IPHONEOS_DEPLOYMENT_TARGET = 15.2;
				MTL_ENABLE_DEBUG_INFO = NO;
				MTL_FAST_MATH = YES;
				SDKROOT = iphoneos;
				SWIFT_COMPILATION_MODE = wholemodule;
				SWIFT_OPTIMIZATION_LEVEL = "-O";
				VALIDATE_PRODUCT = YES;
			};
			name = Release;
		};
		E0FCFDB9278753B100628AEB /* Debug */ = {
			isa = XCBuildConfiguration;
			buildSettings = {
				ASSETCATALOG_COMPILER_APPICON_NAME = AppIcon;
				ASSETCATALOG_COMPILER_GLOBAL_ACCENT_COLOR_NAME = AccentColor;
				CODE_SIGN_STYLE = Automatic;
				CURRENT_PROJECT_VERSION = 1;
				DEVELOPMENT_TEAM = MZK2Y22TFS;
				GENERATE_INFOPLIST_FILE = YES;
				INFOPLIST_FILE = wspr/Info.plist;
				INFOPLIST_KEY_UIApplicationSupportsIndirectInputEvents = YES;
				INFOPLIST_KEY_UILaunchStoryboardName = LaunchScreen;
				INFOPLIST_KEY_UIMainStoryboardFile = Main;
				INFOPLIST_KEY_UISupportedInterfaceOrientations = UIInterfaceOrientationPortrait;
				INFOPLIST_KEY_UISupportedInterfaceOrientations_iPad = "UIInterfaceOrientationPortrait UIInterfaceOrientationPortraitUpsideDown UIInterfaceOrientationLandscapeLeft UIInterfaceOrientationLandscapeRight";
				INFOPLIST_KEY_UISupportedInterfaceOrientations_iPhone = "UIInterfaceOrientationPortrait UIInterfaceOrientationLandscapeLeft UIInterfaceOrientationLandscapeRight";
				LD_RUNPATH_SEARCH_PATHS = (
					"$(inherited)",
					"@executable_path/Frameworks",
				);
				MARKETING_VERSION = 1.0;
				PRODUCT_BUNDLE_IDENTIFIER = com.gft.wspr;
				PRODUCT_NAME = "$(TARGET_NAME)";
				SWIFT_EMIT_LOC_STRINGS = YES;
				SWIFT_VERSION = 5.0;
				TARGETED_DEVICE_FAMILY = "1,2";
			};
			name = Debug;
		};
		E0FCFDBA278753B100628AEB /* Release */ = {
			isa = XCBuildConfiguration;
			buildSettings = {
				ASSETCATALOG_COMPILER_APPICON_NAME = AppIcon;
				ASSETCATALOG_COMPILER_GLOBAL_ACCENT_COLOR_NAME = AccentColor;
				CODE_SIGN_STYLE = Automatic;
				CURRENT_PROJECT_VERSION = 1;
				DEVELOPMENT_TEAM = MZK2Y22TFS;
				GENERATE_INFOPLIST_FILE = YES;
				INFOPLIST_FILE = wspr/Info.plist;
				INFOPLIST_KEY_UIApplicationSupportsIndirectInputEvents = YES;
				INFOPLIST_KEY_UILaunchStoryboardName = LaunchScreen;
				INFOPLIST_KEY_UIMainStoryboardFile = Main;
				INFOPLIST_KEY_UISupportedInterfaceOrientations = UIInterfaceOrientationPortrait;
				INFOPLIST_KEY_UISupportedInterfaceOrientations_iPad = "UIInterfaceOrientationPortrait UIInterfaceOrientationPortraitUpsideDown UIInterfaceOrientationLandscapeLeft UIInterfaceOrientationLandscapeRight";
				INFOPLIST_KEY_UISupportedInterfaceOrientations_iPhone = "UIInterfaceOrientationPortrait UIInterfaceOrientationLandscapeLeft UIInterfaceOrientationLandscapeRight";
				LD_RUNPATH_SEARCH_PATHS = (
					"$(inherited)",
					"@executable_path/Frameworks",
				);
				MARKETING_VERSION = 1.0;
				PRODUCT_BUNDLE_IDENTIFIER = com.gft.wspr;
				PRODUCT_NAME = "$(TARGET_NAME)";
				SWIFT_EMIT_LOC_STRINGS = YES;
				SWIFT_VERSION = 5.0;
				TARGETED_DEVICE_FAMILY = "1,2";
			};
			name = Release;
		};
		E0FCFDBC278753B100628AEB /* Debug */ = {
			isa = XCBuildConfiguration;
			buildSettings = {
				ALWAYS_EMBED_SWIFT_STANDARD_LIBRARIES = YES;
				BUNDLE_LOADER = "$(TEST_HOST)";
				CODE_SIGN_STYLE = Automatic;
				CURRENT_PROJECT_VERSION = 1;
				DEVELOPMENT_TEAM = MZK2Y22TFS;
				GENERATE_INFOPLIST_FILE = YES;
				IPHONEOS_DEPLOYMENT_TARGET = 15.2;
				MARKETING_VERSION = 1.0;
				PRODUCT_BUNDLE_IDENTIFIER = com.gft.wsprTests;
				PRODUCT_NAME = "$(TARGET_NAME)";
				SWIFT_EMIT_LOC_STRINGS = NO;
				SWIFT_VERSION = 5.0;
				TARGETED_DEVICE_FAMILY = "1,2";
				TEST_HOST = "$(BUILT_PRODUCTS_DIR)/wspr.app/wspr";
			};
			name = Debug;
		};
		E0FCFDBD278753B100628AEB /* Release */ = {
			isa = XCBuildConfiguration;
			buildSettings = {
				ALWAYS_EMBED_SWIFT_STANDARD_LIBRARIES = YES;
				BUNDLE_LOADER = "$(TEST_HOST)";
				CODE_SIGN_STYLE = Automatic;
				CURRENT_PROJECT_VERSION = 1;
				DEVELOPMENT_TEAM = MZK2Y22TFS;
				GENERATE_INFOPLIST_FILE = YES;
				IPHONEOS_DEPLOYMENT_TARGET = 15.2;
				MARKETING_VERSION = 1.0;
				PRODUCT_BUNDLE_IDENTIFIER = com.gft.wsprTests;
				PRODUCT_NAME = "$(TARGET_NAME)";
				SWIFT_EMIT_LOC_STRINGS = NO;
				SWIFT_VERSION = 5.0;
				TARGETED_DEVICE_FAMILY = "1,2";
				TEST_HOST = "$(BUILT_PRODUCTS_DIR)/wspr.app/wspr";
			};
			name = Release;
		};
		E0FCFDBF278753B100628AEB /* Debug */ = {
			isa = XCBuildConfiguration;
			buildSettings = {
				ALWAYS_EMBED_SWIFT_STANDARD_LIBRARIES = YES;
				CODE_SIGN_STYLE = Automatic;
				CURRENT_PROJECT_VERSION = 1;
				DEVELOPMENT_TEAM = MZK2Y22TFS;
				GENERATE_INFOPLIST_FILE = YES;
				MARKETING_VERSION = 1.0;
				PRODUCT_BUNDLE_IDENTIFIER = com.gft.wsprUITests;
				PRODUCT_NAME = "$(TARGET_NAME)";
				SWIFT_EMIT_LOC_STRINGS = NO;
				SWIFT_VERSION = 5.0;
				TARGETED_DEVICE_FAMILY = "1,2";
				TEST_TARGET_NAME = wspr;
			};
			name = Debug;
		};
		E0FCFDC0278753B100628AEB /* Release */ = {
			isa = XCBuildConfiguration;
			buildSettings = {
				ALWAYS_EMBED_SWIFT_STANDARD_LIBRARIES = YES;
				CODE_SIGN_STYLE = Automatic;
				CURRENT_PROJECT_VERSION = 1;
				DEVELOPMENT_TEAM = MZK2Y22TFS;
				GENERATE_INFOPLIST_FILE = YES;
				MARKETING_VERSION = 1.0;
				PRODUCT_BUNDLE_IDENTIFIER = com.gft.wsprUITests;
				PRODUCT_NAME = "$(TARGET_NAME)";
				SWIFT_EMIT_LOC_STRINGS = NO;
				SWIFT_VERSION = 5.0;
				TARGETED_DEVICE_FAMILY = "1,2";
				TEST_TARGET_NAME = wspr;
			};
			name = Release;
		};
/* End XCBuildConfiguration section */

/* Begin XCConfigurationList section */
		E0FCFD89278753AD00628AEB /* Build configuration list for PBXProject "wspr" */ = {
			isa = XCConfigurationList;
			buildConfigurations = (
				E0FCFDB6278753B100628AEB /* Debug */,
				E0FCFDB7278753B100628AEB /* Release */,
			);
			defaultConfigurationIsVisible = 0;
			defaultConfigurationName = Release;
		};
		E0FCFDB8278753B100628AEB /* Build configuration list for PBXNativeTarget "wspr" */ = {
			isa = XCConfigurationList;
			buildConfigurations = (
				E0FCFDB9278753B100628AEB /* Debug */,
				E0FCFDBA278753B100628AEB /* Release */,
			);
			defaultConfigurationIsVisible = 0;
			defaultConfigurationName = Release;
		};
		E0FCFDBB278753B100628AEB /* Build configuration list for PBXNativeTarget "wsprTests" */ = {
			isa = XCConfigurationList;
			buildConfigurations = (
				E0FCFDBC278753B100628AEB /* Debug */,
				E0FCFDBD278753B100628AEB /* Release */,
			);
			defaultConfigurationIsVisible = 0;
			defaultConfigurationName = Release;
		};
		E0FCFDBE278753B100628AEB /* Build configuration list for PBXNativeTarget "wsprUITests" */ = {
			isa = XCConfigurationList;
			buildConfigurations = (
				E0FCFDBF278753B100628AEB /* Debug */,
				E0FCFDC0278753B100628AEB /* Release */,
			);
			defaultConfigurationIsVisible = 0;
			defaultConfigurationName = Release;
		};
/* End XCConfigurationList section */
	};
	rootObject = E0FCFD86278753AD00628AEB /* Project object */;
}
